// !$*UTF8*$!
{
	archiveVersion = 1;
	classes = {
	};
	objectVersion = 46;
	objects = {

/* Begin PBXBuildFile section */
		1FB4CDE81F72AA960015EC68 /* TLSClient.swift in Sources */ = {isa = PBXBuildFile; fileRef = 1FB4CDE71F72AA960015EC68 /* TLSClient.swift */; };
		1FFCC3EB1F713FD500491865 /* AppDelegate.swift in Sources */ = {isa = PBXBuildFile; fileRef = 1FFCC3EA1F713FD500491865 /* AppDelegate.swift */; };
		1FFCC3ED1F713FD500491865 /* ViewController.swift in Sources */ = {isa = PBXBuildFile; fileRef = 1FFCC3EC1F713FD500491865 /* ViewController.swift */; };
		1FFCC3EF1F713FD500491865 /* Assets.xcassets in Resources */ = {isa = PBXBuildFile; fileRef = 1FFCC3EE1F713FD500491865 /* Assets.xcassets */; };
		1FFCC3F21F713FD500491865 /* Main.storyboard in Resources */ = {isa = PBXBuildFile; fileRef = 1FFCC3F01F713FD500491865 /* Main.storyboard */; };
		1FFCC3FD1F713FD500491865 /* TLSScanTests.swift in Sources */ = {isa = PBXBuildFile; fileRef = 1FFCC3FC1F713FD500491865 /* TLSScanTests.swift */; };
		1FFCC4081F713FD500491865 /* TLSScanUITests.swift in Sources */ = {isa = PBXBuildFile; fileRef = 1FFCC4071F713FD500491865 /* TLSScanUITests.swift */; };
/* End PBXBuildFile section */

/* Begin PBXContainerItemProxy section */
		1FFCC3F91F713FD500491865 /* PBXContainerItemProxy */ = {
			isa = PBXContainerItemProxy;
			containerPortal = 1FFCC3DF1F713FD500491865 /* Project object */;
			proxyType = 1;
			remoteGlobalIDString = 1FFCC3E61F713FD500491865;
			remoteInfo = TLSScan;
		};
		1FFCC4041F713FD500491865 /* PBXContainerItemProxy */ = {
			isa = PBXContainerItemProxy;
			containerPortal = 1FFCC3DF1F713FD500491865 /* Project object */;
			proxyType = 1;
			remoteGlobalIDString = 1FFCC3E61F713FD500491865;
			remoteInfo = TLSScan;
		};
/* End PBXContainerItemProxy section */

/* Begin PBXFileReference section */
		1FB4CDE71F72AA960015EC68 /* TLSClient.swift */ = {isa = PBXFileReference; fileEncoding = 4; lastKnownFileType = sourcecode.swift; path = TLSClient.swift; sourceTree = "<group>"; };
		1FFCC3E71F713FD500491865 /* TLSScan.app */ = {isa = PBXFileReference; explicitFileType = wrapper.application; includeInIndex = 0; path = TLSScan.app; sourceTree = BUILT_PRODUCTS_DIR; };
		1FFCC3EA1F713FD500491865 /* AppDelegate.swift */ = {isa = PBXFileReference; lastKnownFileType = sourcecode.swift; path = AppDelegate.swift; sourceTree = "<group>"; };
		1FFCC3EC1F713FD500491865 /* ViewController.swift */ = {isa = PBXFileReference; lastKnownFileType = sourcecode.swift; path = ViewController.swift; sourceTree = "<group>"; };
		1FFCC3EE1F713FD500491865 /* Assets.xcassets */ = {isa = PBXFileReference; lastKnownFileType = folder.assetcatalog; path = Assets.xcassets; sourceTree = "<group>"; };
		1FFCC3F11F713FD500491865 /* Base */ = {isa = PBXFileReference; lastKnownFileType = file.storyboard; name = Base; path = Base.lproj/Main.storyboard; sourceTree = "<group>"; };
		1FFCC3F31F713FD500491865 /* Info.plist */ = {isa = PBXFileReference; lastKnownFileType = text.plist.xml; path = Info.plist; sourceTree = "<group>"; };
		1FFCC3F81F713FD500491865 /* TLSScanTests.xctest */ = {isa = PBXFileReference; explicitFileType = wrapper.cfbundle; includeInIndex = 0; path = TLSScanTests.xctest; sourceTree = BUILT_PRODUCTS_DIR; };
		1FFCC3FC1F713FD500491865 /* TLSScanTests.swift */ = {isa = PBXFileReference; lastKnownFileType = sourcecode.swift; path = TLSScanTests.swift; sourceTree = "<group>"; };
		1FFCC3FE1F713FD500491865 /* Info.plist */ = {isa = PBXFileReference; lastKnownFileType = text.plist.xml; path = Info.plist; sourceTree = "<group>"; };
		1FFCC4031F713FD500491865 /* TLSScanUITests.xctest */ = {isa = PBXFileReference; explicitFileType = wrapper.cfbundle; includeInIndex = 0; path = TLSScanUITests.xctest; sourceTree = BUILT_PRODUCTS_DIR; };
		1FFCC4071F713FD500491865 /* TLSScanUITests.swift */ = {isa = PBXFileReference; lastKnownFileType = sourcecode.swift; path = TLSScanUITests.swift; sourceTree = "<group>"; };
		1FFCC4091F713FD500491865 /* Info.plist */ = {isa = PBXFileReference; lastKnownFileType = text.plist.xml; path = Info.plist; sourceTree = "<group>"; };
/* End PBXFileReference section */

/* Begin PBXFrameworksBuildPhase section */
		1FFCC3E41F713FD500491865 /* Frameworks */ = {
			isa = PBXFrameworksBuildPhase;
			buildActionMask = 2147483647;
			files = (
			);
			runOnlyForDeploymentPostprocessing = 0;
		};
		1FFCC3F51F713FD500491865 /* Frameworks */ = {
			isa = PBXFrameworksBuildPhase;
			buildActionMask = 2147483647;
			files = (
			);
			runOnlyForDeploymentPostprocessing = 0;
		};
		1FFCC4001F713FD500491865 /* Frameworks */ = {
			isa = PBXFrameworksBuildPhase;
			buildActionMask = 2147483647;
			files = (
			);
			runOnlyForDeploymentPostprocessing = 0;
		};
/* End PBXFrameworksBuildPhase section */

/* Begin PBXGroup section */
		1FFCC3DE1F713FD500491865 = {
			isa = PBXGroup;
			children = (
				1FFCC3E91F713FD500491865 /* TLSScan */,
				1FFCC3FB1F713FD500491865 /* TLSScanTests */,
				1FFCC4061F713FD500491865 /* TLSScanUITests */,
				1FFCC3E81F713FD500491865 /* Products */,
			);
			sourceTree = "<group>";
		};
		1FFCC3E81F713FD500491865 /* Products */ = {
			isa = PBXGroup;
			children = (
				1FFCC3E71F713FD500491865 /* TLSScan.app */,
				1FFCC3F81F713FD500491865 /* TLSScanTests.xctest */,
				1FFCC4031F713FD500491865 /* TLSScanUITests.xctest */,
			);
			name = Products;
			sourceTree = "<group>";
		};
		1FFCC3E91F713FD500491865 /* TLSScan */ = {
			isa = PBXGroup;
			children = (
				1FFCC3EA1F713FD500491865 /* AppDelegate.swift */,
				1FFCC3EC1F713FD500491865 /* ViewController.swift */,
				1FFCC3EE1F713FD500491865 /* Assets.xcassets */,
				1FFCC3F01F713FD500491865 /* Main.storyboard */,
				1FB4CDE71F72AA960015EC68 /* TLSClient.swift */,
				1FFCC3F31F713FD500491865 /* Info.plist */,
			);
			path = TLSScan;
			sourceTree = "<group>";
		};
		1FFCC3FB1F713FD500491865 /* TLSScanTests */ = {
			isa = PBXGroup;
			children = (
				1FFCC3FC1F713FD500491865 /* TLSScanTests.swift */,
				1FFCC3FE1F713FD500491865 /* Info.plist */,
			);
			path = TLSScanTests;
			sourceTree = "<group>";
		};
		1FFCC4061F713FD500491865 /* TLSScanUITests */ = {
			isa = PBXGroup;
			children = (
				1FFCC4071F713FD500491865 /* TLSScanUITests.swift */,
				1FFCC4091F713FD500491865 /* Info.plist */,
			);
			path = TLSScanUITests;
			sourceTree = "<group>";
		};
/* End PBXGroup section */

/* Begin PBXNativeTarget section */
		1FFCC3E61F713FD500491865 /* TLSScan */ = {
			isa = PBXNativeTarget;
			buildConfigurationList = 1FFCC40C1F713FD500491865 /* Build configuration list for PBXNativeTarget "TLSScan" */;
			buildPhases = (
				1FFCC3E31F713FD500491865 /* Sources */,
				1FFCC3E41F713FD500491865 /* Frameworks */,
				1FFCC3E51F713FD500491865 /* Resources */,
			);
			buildRules = (
			);
			dependencies = (
			);
			name = TLSScan;
			productName = TLSScan;
			productReference = 1FFCC3E71F713FD500491865 /* TLSScan.app */;
			productType = "com.apple.product-type.application";
		};
		1FFCC3F71F713FD500491865 /* TLSScanTests */ = {
			isa = PBXNativeTarget;
			buildConfigurationList = 1FFCC40F1F713FD500491865 /* Build configuration list for PBXNativeTarget "TLSScanTests" */;
			buildPhases = (
				1FFCC3F41F713FD500491865 /* Sources */,
				1FFCC3F51F713FD500491865 /* Frameworks */,
				1FFCC3F61F713FD500491865 /* Resources */,
			);
			buildRules = (
			);
			dependencies = (
				1FFCC3FA1F713FD500491865 /* PBXTargetDependency */,
			);
			name = TLSScanTests;
			productName = TLSScanTests;
			productReference = 1FFCC3F81F713FD500491865 /* TLSScanTests.xctest */;
			productType = "com.apple.product-type.bundle.unit-test";
		};
		1FFCC4021F713FD500491865 /* TLSScanUITests */ = {
			isa = PBXNativeTarget;
			buildConfigurationList = 1FFCC4121F713FD500491865 /* Build configuration list for PBXNativeTarget "TLSScanUITests" */;
			buildPhases = (
				1FFCC3FF1F713FD500491865 /* Sources */,
				1FFCC4001F713FD500491865 /* Frameworks */,
				1FFCC4011F713FD500491865 /* Resources */,
			);
			buildRules = (
			);
			dependencies = (
				1FFCC4051F713FD500491865 /* PBXTargetDependency */,
			);
			name = TLSScanUITests;
			productName = TLSScanUITests;
			productReference = 1FFCC4031F713FD500491865 /* TLSScanUITests.xctest */;
			productType = "com.apple.product-type.bundle.ui-testing";
		};
/* End PBXNativeTarget section */

/* Begin PBXProject section */
		1FFCC3DF1F713FD500491865 /* Project object */ = {
			isa = PBXProject;
			attributes = {
				LastSwiftUpdateCheck = 0830;
				LastUpgradeCheck = 0900;
				ORGANIZATIONNAME = "Tomoyuki Sahara";
				TargetAttributes = {
					1FFCC3E61F713FD500491865 = {
						CreatedOnToolsVersion = 8.3.3;
						LastSwiftMigration = 0900;
						ProvisioningStyle = Automatic;
					};
					1FFCC3F71F713FD500491865 = {
						CreatedOnToolsVersion = 8.3.3;
						LastSwiftMigration = 0900;
						ProvisioningStyle = Automatic;
						TestTargetID = 1FFCC3E61F713FD500491865;
					};
					1FFCC4021F713FD500491865 = {
						CreatedOnToolsVersion = 8.3.3;
						LastSwiftMigration = 0900;
						ProvisioningStyle = Automatic;
						TestTargetID = 1FFCC3E61F713FD500491865;
					};
				};
			};
			buildConfigurationList = 1FFCC3E21F713FD500491865 /* Build configuration list for PBXProject "TLSScan" */;
			compatibilityVersion = "Xcode 3.2";
			developmentRegion = English;
			hasScannedForEncodings = 0;
			knownRegions = (
				en,
				Base,
			);
			mainGroup = 1FFCC3DE1F713FD500491865;
			productRefGroup = 1FFCC3E81F713FD500491865 /* Products */;
			projectDirPath = "";
			projectRoot = "";
			targets = (
				1FFCC3E61F713FD500491865 /* TLSScan */,
				1FFCC3F71F713FD500491865 /* TLSScanTests */,
				1FFCC4021F713FD500491865 /* TLSScanUITests */,
			);
		};
/* End PBXProject section */

/* Begin PBXResourcesBuildPhase section */
		1FFCC3E51F713FD500491865 /* Resources */ = {
			isa = PBXResourcesBuildPhase;
			buildActionMask = 2147483647;
			files = (
				1FFCC3EF1F713FD500491865 /* Assets.xcassets in Resources */,
				1FFCC3F21F713FD500491865 /* Main.storyboard in Resources */,
			);
			runOnlyForDeploymentPostprocessing = 0;
		};
		1FFCC3F61F713FD500491865 /* Resources */ = {
			isa = PBXResourcesBuildPhase;
			buildActionMask = 2147483647;
			files = (
			);
			runOnlyForDeploymentPostprocessing = 0;
		};
		1FFCC4011F713FD500491865 /* Resources */ = {
			isa = PBXResourcesBuildPhase;
			buildActionMask = 2147483647;
			files = (
			);
			runOnlyForDeploymentPostprocessing = 0;
		};
/* End PBXResourcesBuildPhase section */

/* Begin PBXSourcesBuildPhase section */
		1FFCC3E31F713FD500491865 /* Sources */ = {
			isa = PBXSourcesBuildPhase;
			buildActionMask = 2147483647;
			files = (
				1FFCC3ED1F713FD500491865 /* ViewController.swift in Sources */,
				1FFCC3EB1F713FD500491865 /* AppDelegate.swift in Sources */,
				1FB4CDE81F72AA960015EC68 /* TLSClient.swift in Sources */,
			);
			runOnlyForDeploymentPostprocessing = 0;
		};
		1FFCC3F41F713FD500491865 /* Sources */ = {
			isa = PBXSourcesBuildPhase;
			buildActionMask = 2147483647;
			files = (
				1FFCC3FD1F713FD500491865 /* TLSScanTests.swift in Sources */,
			);
			runOnlyForDeploymentPostprocessing = 0;
		};
		1FFCC3FF1F713FD500491865 /* Sources */ = {
			isa = PBXSourcesBuildPhase;
			buildActionMask = 2147483647;
			files = (
				1FFCC4081F713FD500491865 /* TLSScanUITests.swift in Sources */,
			);
			runOnlyForDeploymentPostprocessing = 0;
		};
/* End PBXSourcesBuildPhase section */

/* Begin PBXTargetDependency section */
		1FFCC3FA1F713FD500491865 /* PBXTargetDependency */ = {
			isa = PBXTargetDependency;
			target = 1FFCC3E61F713FD500491865 /* TLSScan */;
			targetProxy = 1FFCC3F91F713FD500491865 /* PBXContainerItemProxy */;
		};
		1FFCC4051F713FD500491865 /* PBXTargetDependency */ = {
			isa = PBXTargetDependency;
			target = 1FFCC3E61F713FD500491865 /* TLSScan */;
			targetProxy = 1FFCC4041F713FD500491865 /* PBXContainerItemProxy */;
		};
/* End PBXTargetDependency section */

/* Begin PBXVariantGroup section */
		1FFCC3F01F713FD500491865 /* Main.storyboard */ = {
			isa = PBXVariantGroup;
			children = (
				1FFCC3F11F713FD500491865 /* Base */,
			);
			name = Main.storyboard;
			sourceTree = "<group>";
		};
/* End PBXVariantGroup section */

/* Begin XCBuildConfiguration section */
		1FFCC40A1F713FD500491865 /* Debug */ = {
			isa = XCBuildConfiguration;
			buildSettings = {
				ALWAYS_SEARCH_USER_PATHS = NO;
				CLANG_ANALYZER_NONNULL = YES;
				CLANG_ANALYZER_NUMBER_OBJECT_CONVERSION = YES_AGGRESSIVE;
				CLANG_CXX_LANGUAGE_STANDARD = "gnu++0x";
				CLANG_CXX_LIBRARY = "libc++";
				CLANG_ENABLE_MODULES = YES;
				CLANG_ENABLE_OBJC_ARC = YES;
				CLANG_WARN_BLOCK_CAPTURE_AUTORELEASING = YES;
				CLANG_WARN_BOOL_CONVERSION = YES;
				CLANG_WARN_COMMA = YES;
				CLANG_WARN_CONSTANT_CONVERSION = YES;
				CLANG_WARN_DIRECT_OBJC_ISA_USAGE = YES_ERROR;
				CLANG_WARN_DOCUMENTATION_COMMENTS = YES;
				CLANG_WARN_EMPTY_BODY = YES;
				CLANG_WARN_ENUM_CONVERSION = YES;
				CLANG_WARN_INFINITE_RECURSION = YES;
				CLANG_WARN_INT_CONVERSION = YES;
				CLANG_WARN_NON_LITERAL_NULL_CONVERSION = YES;
				CLANG_WARN_OBJC_LITERAL_CONVERSION = YES;
				CLANG_WARN_OBJC_ROOT_CLASS = YES_ERROR;
				CLANG_WARN_RANGE_LOOP_ANALYSIS = YES;
				CLANG_WARN_STRICT_PROTOTYPES = YES;
				CLANG_WARN_SUSPICIOUS_MOVE = YES;
				CLANG_WARN_UNREACHABLE_CODE = YES;
				CLANG_WARN__DUPLICATE_METHOD_MATCH = YES;
				CODE_SIGN_IDENTITY = "-";
				COPY_PHASE_STRIP = NO;
				DEBUG_INFORMATION_FORMAT = dwarf;
				ENABLE_STRICT_OBJC_MSGSEND = YES;
				ENABLE_TESTABILITY = YES;
				GCC_C_LANGUAGE_STANDARD = gnu99;
				GCC_DYNAMIC_NO_PIC = NO;
				GCC_NO_COMMON_BLOCKS = YES;
				GCC_OPTIMIZATION_LEVEL = 0;
				GCC_PREPROCESSOR_DEFINITIONS = (
					"DEBUG=1",
					"$(inherited)",
				);
				GCC_WARN_64_TO_32_BIT_CONVERSION = YES;
				GCC_WARN_ABOUT_RETURN_TYPE = YES_ERROR;
				GCC_WARN_UNDECLARED_SELECTOR = YES;
				GCC_WARN_UNINITIALIZED_AUTOS = YES_AGGRESSIVE;
				GCC_WARN_UNUSED_FUNCTION = YES;
				GCC_WARN_UNUSED_VARIABLE = YES;
				MACOSX_DEPLOYMENT_TARGET = 10.12;
				MTL_ENABLE_DEBUG_INFO = YES;
				ONLY_ACTIVE_ARCH = YES;
				SDKROOT = macosx;
				SWIFT_ACTIVE_COMPILATION_CONDITIONS = DEBUG;
				SWIFT_OPTIMIZATION_LEVEL = "-Onone";
			};
			name = Debug;
		};
		1FFCC40B1F713FD500491865 /* Release */ = {
			isa = XCBuildConfiguration;
			buildSettings = {
				ALWAYS_SEARCH_USER_PATHS = NO;
				CLANG_ANALYZER_NONNULL = YES;
				CLANG_ANALYZER_NUMBER_OBJECT_CONVERSION = YES_AGGRESSIVE;
				CLANG_CXX_LANGUAGE_STANDARD = "gnu++0x";
				CLANG_CXX_LIBRARY = "libc++";
				CLANG_ENABLE_MODULES = YES;
				CLANG_ENABLE_OBJC_ARC = YES;
				CLANG_WARN_BLOCK_CAPTURE_AUTORELEASING = YES;
				CLANG_WARN_BOOL_CONVERSION = YES;
				CLANG_WARN_COMMA = YES;
				CLANG_WARN_CONSTANT_CONVERSION = YES;
				CLANG_WARN_DIRECT_OBJC_ISA_USAGE = YES_ERROR;
				CLANG_WARN_DOCUMENTATION_COMMENTS = YES;
				CLANG_WARN_EMPTY_BODY = YES;
				CLANG_WARN_ENUM_CONVERSION = YES;
				CLANG_WARN_INFINITE_RECURSION = YES;
				CLANG_WARN_INT_CONVERSION = YES;
				CLANG_WARN_NON_LITERAL_NULL_CONVERSION = YES;
				CLANG_WARN_OBJC_LITERAL_CONVERSION = YES;
				CLANG_WARN_OBJC_ROOT_CLASS = YES_ERROR;
				CLANG_WARN_RANGE_LOOP_ANALYSIS = YES;
				CLANG_WARN_STRICT_PROTOTYPES = YES;
				CLANG_WARN_SUSPICIOUS_MOVE = YES;
				CLANG_WARN_UNREACHABLE_CODE = YES;
				CLANG_WARN__DUPLICATE_METHOD_MATCH = YES;
				CODE_SIGN_IDENTITY = "-";
				COPY_PHASE_STRIP = NO;
				DEBUG_INFORMATION_FORMAT = "dwarf-with-dsym";
				ENABLE_NS_ASSERTIONS = NO;
				ENABLE_STRICT_OBJC_MSGSEND = YES;
				GCC_C_LANGUAGE_STANDARD = gnu99;
				GCC_NO_COMMON_BLOCKS = YES;
				GCC_WARN_64_TO_32_BIT_CONVERSION = YES;
				GCC_WARN_ABOUT_RETURN_TYPE = YES_ERROR;
				GCC_WARN_UNDECLARED_SELECTOR = YES;
				GCC_WARN_UNINITIALIZED_AUTOS = YES_AGGRESSIVE;
				GCC_WARN_UNUSED_FUNCTION = YES;
				GCC_WARN_UNUSED_VARIABLE = YES;
				MACOSX_DEPLOYMENT_TARGET = 10.12;
				MTL_ENABLE_DEBUG_INFO = NO;
				SDKROOT = macosx;
				SWIFT_OPTIMIZATION_LEVEL = "-Owholemodule";
			};
			name = Release;
		};
		1FFCC40D1F713FD500491865 /* Debug */ = {
			isa = XCBuildConfiguration;
			buildSettings = {
				ASSETCATALOG_COMPILER_APPICON_NAME = AppIcon;
				COMBINE_HIDPI_IMAGES = YES;
				INFOPLIST_FILE = TLSScan/Info.plist;
				LD_RUNPATH_SEARCH_PATHS = "$(inherited) @executable_path/../Frameworks";
				PRODUCT_BUNDLE_IDENTIFIER = net.caddr.TLSScan;
				PRODUCT_NAME = "$(TARGET_NAME)";
				SWIFT_SWIFT3_OBJC_INFERENCE = On;
				SWIFT_VERSION = 4.0;
			};
			name = Debug;
		};
		1FFCC40E1F713FD500491865 /* Release */ = {
			isa = XCBuildConfiguration;
			buildSettings = {
				ASSETCATALOG_COMPILER_APPICON_NAME = AppIcon;
				COMBINE_HIDPI_IMAGES = YES;
				INFOPLIST_FILE = TLSScan/Info.plist;
				LD_RUNPATH_SEARCH_PATHS = "$(inherited) @executable_path/../Frameworks";
				PRODUCT_BUNDLE_IDENTIFIER = net.caddr.TLSScan;
				PRODUCT_NAME = "$(TARGET_NAME)";
				SWIFT_SWIFT3_OBJC_INFERENCE = On;
				SWIFT_VERSION = 4.0;
			};
			name = Release;
		};
		1FFCC4101F713FD500491865 /* Debug */ = {
			isa = XCBuildConfiguration;
			buildSettings = {
				ALWAYS_EMBED_SWIFT_STANDARD_LIBRARIES = YES;
				BUNDLE_LOADER = "$(TEST_HOST)";
				COMBINE_HIDPI_IMAGES = YES;
				INFOPLIST_FILE = TLSScanTests/Info.plist;
				LD_RUNPATH_SEARCH_PATHS = "$(inherited) @executable_path/../Frameworks @loader_path/../Frameworks";
				PRODUCT_BUNDLE_IDENTIFIER = net.caddr.TLSScanTests;
				PRODUCT_NAME = "$(TARGET_NAME)";
				SWIFT_SWIFT3_OBJC_INFERENCE = On;
				SWIFT_VERSION = 4.0;
				TEST_HOST = "$(BUILT_PRODUCTS_DIR)/TLSScan.app/Contents/MacOS/TLSScan";
			};
			name = Debug;
		};
		1FFCC4111F713FD500491865 /* Release */ = {
			isa = XCBuildConfiguration;
			buildSettings = {
				ALWAYS_EMBED_SWIFT_STANDARD_LIBRARIES = YES;
				BUNDLE_LOADER = "$(TEST_HOST)";
				COMBINE_HIDPI_IMAGES = YES;
				INFOPLIST_FILE = TLSScanTests/Info.plist;
				LD_RUNPATH_SEARCH_PATHS = "$(inherited) @executable_path/../Frameworks @loader_path/../Frameworks";
				PRODUCT_BUNDLE_IDENTIFIER = net.caddr.TLSScanTests;
				PRODUCT_NAME = "$(TARGET_NAME)";
				SWIFT_SWIFT3_OBJC_INFERENCE = On;
				SWIFT_VERSION = 4.0;
				TEST_HOST = "$(BUILT_PRODUCTS_DIR)/TLSScan.app/Contents/MacOS/TLSScan";
			};
			name = Release;
		};
		1FFCC4131F713FD500491865 /* Debug */ = {
			isa = XCBuildConfiguration;
			buildSettings = {
				ALWAYS_EMBED_SWIFT_STANDARD_LIBRARIES = YES;
				COMBINE_HIDPI_IMAGES = YES;
				INFOPLIST_FILE = TLSScanUITests/Info.plist;
				LD_RUNPATH_SEARCH_PATHS = "$(inherited) @executable_path/../Frameworks @loader_path/../Frameworks";
				PRODUCT_BUNDLE_IDENTIFIER = net.caddr.TLSScanUITests;
				PRODUCT_NAME = "$(TARGET_NAME)";
				SWIFT_SWIFT3_OBJC_INFERENCE = On;
				SWIFT_VERSION = 4.0;
				TEST_TARGET_NAME = TLSScan;
			};
			name = Debug;
		};
		1FFCC4141F713FD500491865 /* Release */ = {
			isa = XCBuildConfiguration;
			buildSettings = {
				ALWAYS_EMBED_SWIFT_STANDARD_LIBRARIES = YES;
				COMBINE_HIDPI_IMAGES = YES;
				INFOPLIST_FILE = TLSScanUITests/Info.plist;
				LD_RUNPATH_SEARCH_PATHS = "$(inherited) @executable_path/../Frameworks @loader_path/../Frameworks";
				PRODUCT_BUNDLE_IDENTIFIER = net.caddr.TLSScanUITests;
				PRODUCT_NAME = "$(TARGET_NAME)";
				SWIFT_SWIFT3_OBJC_INFERENCE = On;
				SWIFT_VERSION = 4.0;
				TEST_TARGET_NAME = TLSScan;
			};
			name = Release;
		};
/* End XCBuildConfiguration section */

/* Begin XCConfigurationList section */
		1FFCC3E21F713FD500491865 /* Build configuration list for PBXProject "TLSScan" */ = {
			isa = XCConfigurationList;
			buildConfigurations = (
				1FFCC40A1F713FD500491865 /* Debug */,
				1FFCC40B1F713FD500491865 /* Release */,
			);
			defaultConfigurationIsVisible = 0;
			defaultConfigurationName = Release;
		};
		1FFCC40C1F713FD500491865 /* Build configuration list for PBXNativeTarget "TLSScan" */ = {
			isa = XCConfigurationList;
			buildConfigurations = (
				1FFCC40D1F713FD500491865 /* Debug */,
				1FFCC40E1F713FD500491865 /* Release */,
			);
			defaultConfigurationIsVisible = 0;
			defaultConfigurationName = Release;
		};
		1FFCC40F1F713FD500491865 /* Build configuration list for PBXNativeTarget "TLSScanTests" */ = {
			isa = XCConfigurationList;
			buildConfigurations = (
				1FFCC4101F713FD500491865 /* Debug */,
				1FFCC4111F713FD500491865 /* Release */,
			);
			defaultConfigurationIsVisible = 0;
			defaultConfigurationName = Release;
		};
		1FFCC4121F713FD500491865 /* Build configuration list for PBXNativeTarget "TLSScanUITests" */ = {
			isa = XCConfigurationList;
			buildConfigurations = (
				1FFCC4131F713FD500491865 /* Debug */,
				1FFCC4141F713FD500491865 /* Release */,
			);
			defaultConfigurationIsVisible = 0;
			defaultConfigurationName = Release;
		};
/* End XCConfigurationList section */
	};
	rootObject = 1FFCC3DF1F713FD500491865 /* Project object */;
}
